
Microsoft Visual Studio Solution File, Format Version 12.00
# Visual Studio 14
VisualStudioVersion = 14.0.25420.1
MinimumVisualStudioVersion = 10.0.40219.1
Project("{FAE04EC0-301F-11D3-BF4B-00C04F79EFBC}") = "satis_online", "satis_online\satis_online.csproj", "{BA180134-0812-4975-BD3A-8AB59A34611D}"
EndProject
Global
	GlobalSection(SolutionConfigurationPlatforms) = preSolution
		Debug|Any CPU = Debug|Any CPU
		Release|Any CPU = Release|Any CPU
	EndGlobalSection
	GlobalSection(ProjectConfigurationPlatforms) = postSolution
		{BA180134-0812-4975-BD3A-8AB59A34611D}.Debug|Any CPU.ActiveCfg = Debug|Any CPU
		{BA180134-0812-4975-BD3A-8AB59A34611D}.Debug|Any CPU.Build.0 = Debug|Any CPU
		{BA180134-0812-4975-BD3A-8AB59A34611D}.Release|Any CPU.ActiveCfg = Release|Any CPU
		{BA180134-0812-4975-BD3A-8AB59A34611D}.Release|Any CPU.Build.0 = Release|Any CPU
	EndGlobalSection
	GlobalSection(SolutionProperties) = preSolution
		HideSolutionNode = FALSE
	EndGlobalSection
EndGlobal
